// !$*UTF8*$!
{
	archiveVersion = 1;
	classes = {
	};
	objectVersion = 56;
	objects = {

/* Begin PBXBuildFile section */
		02089EBD2A626390003DB055 /* CustomErrors.swift in Sources */ = {isa = PBXBuildFile; fileRef = 02089EBC2A626390003DB055 /* CustomErrors.swift */; };
		02089EC92A66D4A1003DB055 /* TipView.swift in Sources */ = {isa = PBXBuildFile; fileRef = 02089EC82A66D4A1003DB055 /* TipView.swift */; };
		020A5DB02A4887100062C283 /* ChartView.swift in Sources */ = {isa = PBXBuildFile; fileRef = 020A5DAF2A4887100062C283 /* ChartView.swift */; };
		0224D8D72A1614B90067B559 /* ColorsPickerView.swift in Sources */ = {isa = PBXBuildFile; fileRef = 0224D8D62A1614B90067B559 /* ColorsPickerView.swift */; };
		0224D8D92A17964A0067B559 /* EditHabitView.swift in Sources */ = {isa = PBXBuildFile; fileRef = 0224D8D82A1796490067B559 /* EditHabitView.swift */; };
		0224D8DB2A17D6FF0067B559 /* HeaderView.swift in Sources */ = {isa = PBXBuildFile; fileRef = 0224D8DA2A17D6FF0067B559 /* HeaderView.swift */; };
		0259820F2A2A16E80085D29E /* Notes (Sean Allen).md in Resources */ = {isa = PBXBuildFile; fileRef = 0259820E2A2A16E80085D29E /* Notes (Sean Allen).md */; };
		026E1CAB2A24B58900B882C1 /* HabitUITests.swift in Sources */ = {isa = PBXBuildFile; fileRef = 026E1CAA2A24B58900B882C1 /* HabitUITests.swift */; };
		026E1CAD2A24B58900B882C1 /* HabitUITestsLaunchTests.swift in Sources */ = {isa = PBXBuildFile; fileRef = 026E1CAC2A24B58900B882C1 /* HabitUITestsLaunchTests.swift */; };
		0282C6B72A6825EC00356786 /* SortMenuView.swift in Sources */ = {isa = PBXBuildFile; fileRef = 0282C6B62A6825EC00356786 /* SortMenuView.swift */; };
		0282C6B92A6AE52E00356786 /* CalendarView.swift in Sources */ = {isa = PBXBuildFile; fileRef = 0282C6B82A6AE52E00356786 /* CalendarView.swift */; };
		0282C6BB2A6AE7B300356786 /* DetailView.swift in Sources */ = {isa = PBXBuildFile; fileRef = 0282C6BA2A6AE7B300356786 /* DetailView.swift */; };
		02C39F962A73BF9500550CA1 /* Habit+Utils.swift in Sources */ = {isa = PBXBuildFile; fileRef = 02C39F952A73BF9500550CA1 /* Habit+Utils.swift */; };
		02C39F9E2A765EDF00550CA1 /* HabitListView.swift in Sources */ = {isa = PBXBuildFile; fileRef = 02C39F9D2A765EDF00550CA1 /* HabitListView.swift */; };
		02C3A8882A0FBA780044D090 /* HabitApp.swift in Sources */ = {isa = PBXBuildFile; fileRef = 02C3A8872A0FBA780044D090 /* HabitApp.swift */; };
		02C3A88A2A0FBA780044D090 /* ContentView.swift in Sources */ = {isa = PBXBuildFile; fileRef = 02C3A8892A0FBA780044D090 /* ContentView.swift */; };
		02C3A88C2A0FBA7A0044D090 /* Assets.xcassets in Resources */ = {isa = PBXBuildFile; fileRef = 02C3A88B2A0FBA7A0044D090 /* Assets.xcassets */; };
		02C3A88F2A0FBA7A0044D090 /* Preview Assets.xcassets in Resources */ = {isa = PBXBuildFile; fileRef = 02C3A88E2A0FBA7A0044D090 /* Preview Assets.xcassets */; };
		02C3A8912A0FBA7A0044D090 /* DataController.swift in Sources */ = {isa = PBXBuildFile; fileRef = 02C3A8902A0FBA7A0044D090 /* DataController.swift */; };
		02C3A8942A0FBA7A0044D090 /* Habit.xcdatamodeld in Sources */ = {isa = PBXBuildFile; fileRef = 02C3A8922A0FBA7A0044D090 /* Habit.xcdatamodeld */; };
		02C3A89B2A0FE57E0044D090 /* Habit+CoreDataHelpers.swift in Sources */ = {isa = PBXBuildFile; fileRef = 02C3A89A2A0FE57E0044D090 /* Habit+CoreDataHelpers.swift */; };
		02C3A89D2A1218A50044D090 /* HabitRowView.swift in Sources */ = {isa = PBXBuildFile; fileRef = 02C3A89C2A1218A50044D090 /* HabitRowView.swift */; };
		02C3A8A62A125CA10044D090 /* HabitColors.xcassets in Resources */ = {isa = PBXBuildFile; fileRef = 02C3A8A52A125CA10044D090 /* HabitColors.xcassets */; };
		02C3A8A82A1260220044D090 /* Constants.swift in Sources */ = {isa = PBXBuildFile; fileRef = 02C3A8A72A1260220044D090 /* Constants.swift */; };
		02C6B7CA2A1B8B67003FAC61 /* HabitColor.swift in Sources */ = {isa = PBXBuildFile; fileRef = 02C6B7C92A1B8B67003FAC61 /* HabitColor.swift */; };
		02DAD6C02A4C42FC00F2DA14 /* Date+Ext.swift in Sources */ = {isa = PBXBuildFile; fileRef = 02DAD6BF2A4C42FC00F2DA14 /* Date+Ext.swift */; };
		02DAD6C22A4D772600F2DA14 /* Color+Ext.swift in Sources */ = {isa = PBXBuildFile; fileRef = 02DAD6C12A4D772600F2DA14 /* Color+Ext.swift */; };
		02EC2FB22A1CECF00004DA4B /* HabitTests.swift in Sources */ = {isa = PBXBuildFile; fileRef = 02EC2FB12A1CECF00004DA4B /* HabitTests.swift */; };
		02EC2FB92A1CEEE50004DA4B /* AssetTest.swift in Sources */ = {isa = PBXBuildFile; fileRef = 02EC2FB82A1CEEE50004DA4B /* AssetTest.swift */; };
		02EC2FBB2A20BA4E0004DA4B /* HabitItemTests.swift in Sources */ = {isa = PBXBuildFile; fileRef = 02EC2FBA2A20BA4E0004DA4B /* HabitItemTests.swift */; };
		02EC2FBF2A20E5730004DA4B /* DevelopmentTests.swift in Sources */ = {isa = PBXBuildFile; fileRef = 02EC2FBE2A20E5730004DA4B /* DevelopmentTests.swift */; };
		02FD36682A4F32A70023AB38 /* ShortcutsHabitEntity.swift in Sources */ = {isa = PBXBuildFile; fileRef = 02FD36672A4F32A70023AB38 /* ShortcutsHabitEntity.swift */; };
		02FD366A2A4F33080023AB38 /* CompleteHabitIntent.swift in Sources */ = {isa = PBXBuildFile; fileRef = 02FD36692A4F33080023AB38 /* CompleteHabitIntent.swift */; };
/* End PBXBuildFile section */

/* Begin PBXContainerItemProxy section */
		026E1CAE2A24B58900B882C1 /* PBXContainerItemProxy */ = {
			isa = PBXContainerItemProxy;
			containerPortal = 02C3A87C2A0FBA780044D090 /* Project object */;
			proxyType = 1;
			remoteGlobalIDString = 02C3A8832A0FBA780044D090;
			remoteInfo = Habit;
		};
		02EC2FB32A1CECF00004DA4B /* PBXContainerItemProxy */ = {
			isa = PBXContainerItemProxy;
			containerPortal = 02C3A87C2A0FBA780044D090 /* Project object */;
			proxyType = 1;
			remoteGlobalIDString = 02C3A8832A0FBA780044D090;
			remoteInfo = Habit;
		};
/* End PBXContainerItemProxy section */

/* Begin PBXFileReference section */
		02089EBC2A626390003DB055 /* CustomErrors.swift */ = {isa = PBXFileReference; lastKnownFileType = sourcecode.swift; path = CustomErrors.swift; sourceTree = "<group>"; };
		02089EC82A66D4A1003DB055 /* TipView.swift */ = {isa = PBXFileReference; lastKnownFileType = sourcecode.swift; path = TipView.swift; sourceTree = "<group>"; };
		020A5DAF2A4887100062C283 /* ChartView.swift */ = {isa = PBXFileReference; lastKnownFileType = sourcecode.swift; path = ChartView.swift; sourceTree = "<group>"; };
		0224D8D62A1614B90067B559 /* ColorsPickerView.swift */ = {isa = PBXFileReference; lastKnownFileType = sourcecode.swift; path = ColorsPickerView.swift; sourceTree = "<group>"; };
		0224D8D82A1796490067B559 /* EditHabitView.swift */ = {isa = PBXFileReference; fileEncoding = 4; lastKnownFileType = sourcecode.swift; path = EditHabitView.swift; sourceTree = "<group>"; };
		0224D8DA2A17D6FF0067B559 /* HeaderView.swift */ = {isa = PBXFileReference; lastKnownFileType = sourcecode.swift; path = HeaderView.swift; sourceTree = "<group>"; };
		0259820E2A2A16E80085D29E /* Notes (Sean Allen).md */ = {isa = PBXFileReference; fileEncoding = 4; lastKnownFileType = net.daringfireball.markdown; path = "Notes (Sean Allen).md"; sourceTree = "<group>"; };
		026E1CA82A24B58900B882C1 /* HabitUITests.xctest */ = {isa = PBXFileReference; explicitFileType = wrapper.cfbundle; includeInIndex = 0; path = HabitUITests.xctest; sourceTree = BUILT_PRODUCTS_DIR; };
		026E1CAA2A24B58900B882C1 /* HabitUITests.swift */ = {isa = PBXFileReference; lastKnownFileType = sourcecode.swift; path = HabitUITests.swift; sourceTree = "<group>"; };
		026E1CAC2A24B58900B882C1 /* HabitUITestsLaunchTests.swift */ = {isa = PBXFileReference; lastKnownFileType = sourcecode.swift; path = HabitUITestsLaunchTests.swift; sourceTree = "<group>"; };
		0282C6B62A6825EC00356786 /* SortMenuView.swift */ = {isa = PBXFileReference; lastKnownFileType = sourcecode.swift; path = SortMenuView.swift; sourceTree = "<group>"; };
		0282C6B82A6AE52E00356786 /* CalendarView.swift */ = {isa = PBXFileReference; lastKnownFileType = sourcecode.swift; path = CalendarView.swift; sourceTree = "<group>"; };
		0282C6BA2A6AE7B300356786 /* DetailView.swift */ = {isa = PBXFileReference; lastKnownFileType = sourcecode.swift; path = DetailView.swift; sourceTree = "<group>"; };
		02C39F952A73BF9500550CA1 /* Habit+Utils.swift */ = {isa = PBXFileReference; lastKnownFileType = sourcecode.swift; path = "Habit+Utils.swift"; sourceTree = "<group>"; };
		02C39F9D2A765EDF00550CA1 /* HabitListView.swift */ = {isa = PBXFileReference; lastKnownFileType = sourcecode.swift; path = HabitListView.swift; sourceTree = "<group>"; };
		02C3A8842A0FBA780044D090 /* Habit.app */ = {isa = PBXFileReference; explicitFileType = wrapper.application; includeInIndex = 0; path = Habit.app; sourceTree = BUILT_PRODUCTS_DIR; };
		02C3A8872A0FBA780044D090 /* HabitApp.swift */ = {isa = PBXFileReference; lastKnownFileType = sourcecode.swift; path = HabitApp.swift; sourceTree = "<group>"; };
		02C3A8892A0FBA780044D090 /* ContentView.swift */ = {isa = PBXFileReference; lastKnownFileType = sourcecode.swift; path = ContentView.swift; sourceTree = "<group>"; };
		02C3A88B2A0FBA7A0044D090 /* Assets.xcassets */ = {isa = PBXFileReference; lastKnownFileType = folder.assetcatalog; path = Assets.xcassets; sourceTree = "<group>"; };
		02C3A88E2A0FBA7A0044D090 /* Preview Assets.xcassets */ = {isa = PBXFileReference; lastKnownFileType = folder.assetcatalog; path = "Preview Assets.xcassets"; sourceTree = "<group>"; };
		02C3A8902A0FBA7A0044D090 /* DataController.swift */ = {isa = PBXFileReference; lastKnownFileType = sourcecode.swift; path = DataController.swift; sourceTree = "<group>"; };
		02C3A8932A0FBA7A0044D090 /* Habit.xcdatamodel */ = {isa = PBXFileReference; lastKnownFileType = wrapper.xcdatamodel; path = Habit.xcdatamodel; sourceTree = "<group>"; };
		02C3A89A2A0FE57E0044D090 /* Habit+CoreDataHelpers.swift */ = {isa = PBXFileReference; lastKnownFileType = sourcecode.swift; path = "Habit+CoreDataHelpers.swift"; sourceTree = "<group>"; };
		02C3A89C2A1218A50044D090 /* HabitRowView.swift */ = {isa = PBXFileReference; lastKnownFileType = sourcecode.swift; path = HabitRowView.swift; sourceTree = "<group>"; };
		02C3A8A22A1220A90044D090 /* Notes (Paul Hudson).md */ = {isa = PBXFileReference; lastKnownFileType = net.daringfireball.markdown; path = "Notes (Paul Hudson).md"; sourceTree = "<group>"; };
		02C3A8A52A125CA10044D090 /* HabitColors.xcassets */ = {isa = PBXFileReference; lastKnownFileType = folder.assetcatalog; path = HabitColors.xcassets; sourceTree = "<group>"; };
		02C3A8A72A1260220044D090 /* Constants.swift */ = {isa = PBXFileReference; lastKnownFileType = sourcecode.swift; path = Constants.swift; sourceTree = "<group>"; };
		02C3A8A92A1261630044D090 /* TODO.md */ = {isa = PBXFileReference; lastKnownFileType = net.daringfireball.markdown; path = TODO.md; sourceTree = "<group>"; };
		02C6B7C92A1B8B67003FAC61 /* HabitColor.swift */ = {isa = PBXFileReference; lastKnownFileType = sourcecode.swift; path = HabitColor.swift; sourceTree = "<group>"; };
		02C6B7CB2A1BBA7F003FAC61 /* Stashed Snippets.md */ = {isa = PBXFileReference; lastKnownFileType = net.daringfireball.markdown; path = "Stashed Snippets.md"; sourceTree = "<group>"; };
		02DAD6BF2A4C42FC00F2DA14 /* Date+Ext.swift */ = {isa = PBXFileReference; indentWidth = 4; lastKnownFileType = sourcecode.swift; path = "Date+Ext.swift"; sourceTree = "<group>"; tabWidth = 4; };
		02DAD6C12A4D772600F2DA14 /* Color+Ext.swift */ = {isa = PBXFileReference; lastKnownFileType = sourcecode.swift; path = "Color+Ext.swift"; sourceTree = "<group>"; };
		02EC2FAA2A1CEA410004DA4B /* Habit.xctestplan */ = {isa = PBXFileReference; lastKnownFileType = text; path = Habit.xctestplan; sourceTree = "<group>"; };
		02EC2FAF2A1CECF00004DA4B /* HabitTests.xctest */ = {isa = PBXFileReference; explicitFileType = wrapper.cfbundle; includeInIndex = 0; path = HabitTests.xctest; sourceTree = BUILT_PRODUCTS_DIR; };
		02EC2FB12A1CECF00004DA4B /* HabitTests.swift */ = {isa = PBXFileReference; lastKnownFileType = sourcecode.swift; path = HabitTests.swift; sourceTree = "<group>"; };
		02EC2FB82A1CEEE50004DA4B /* AssetTest.swift */ = {isa = PBXFileReference; lastKnownFileType = sourcecode.swift; path = AssetTest.swift; sourceTree = "<group>"; };
		02EC2FBA2A20BA4E0004DA4B /* HabitItemTests.swift */ = {isa = PBXFileReference; lastKnownFileType = sourcecode.swift; path = HabitItemTests.swift; sourceTree = "<group>"; };
		02EC2FBE2A20E5730004DA4B /* DevelopmentTests.swift */ = {isa = PBXFileReference; lastKnownFileType = sourcecode.swift; path = DevelopmentTests.swift; sourceTree = "<group>"; };
		02FD36672A4F32A70023AB38 /* ShortcutsHabitEntity.swift */ = {isa = PBXFileReference; lastKnownFileType = sourcecode.swift; path = ShortcutsHabitEntity.swift; sourceTree = "<group>"; };
		02FD36692A4F33080023AB38 /* CompleteHabitIntent.swift */ = {isa = PBXFileReference; lastKnownFileType = sourcecode.swift; path = CompleteHabitIntent.swift; sourceTree = "<group>"; };
/* End PBXFileReference section */

/* Begin PBXFrameworksBuildPhase section */
		026E1CA52A24B58900B882C1 /* Frameworks */ = {
			isa = PBXFrameworksBuildPhase;
			buildActionMask = 2147483647;
			files = (
			);
			runOnlyForDeploymentPostprocessing = 0;
		};
		02C3A8812A0FBA780044D090 /* Frameworks */ = {
			isa = PBXFrameworksBuildPhase;
			buildActionMask = 2147483647;
			files = (
			);
			runOnlyForDeploymentPostprocessing = 0;
		};
		02EC2FAC2A1CECF00004DA4B /* Frameworks */ = {
			isa = PBXFrameworksBuildPhase;
			buildActionMask = 2147483647;
			files = (
			);
			runOnlyForDeploymentPostprocessing = 0;
		};
/* End PBXFrameworksBuildPhase section */

/* Begin PBXGroup section */
		0224D8D42A13A3390067B559 /* Models */ = {
			isa = PBXGroup;
			children = (
				02C3A89A2A0FE57E0044D090 /* Habit+CoreDataHelpers.swift */,
				02C39F952A73BF9500550CA1 /* Habit+Utils.swift */,
				02C3A8A72A1260220044D090 /* Constants.swift */,
				02C6B7C92A1B8B67003FAC61 /* HabitColor.swift */,
			);
			path = Models;
			sourceTree = "<group>";
		};
		0224D8D52A13A3510067B559 /* Views */ = {
			isa = PBXGroup;
			children = (
				02C3A8892A0FBA780044D090 /* ContentView.swift */,
				02C39F9D2A765EDF00550CA1 /* HabitListView.swift */,
				0224D8DA2A17D6FF0067B559 /* HeaderView.swift */,
				02C3A89C2A1218A50044D090 /* HabitRowView.swift */,
				0282C6BA2A6AE7B300356786 /* DetailView.swift */,
				0282C6B82A6AE52E00356786 /* CalendarView.swift */,
				020A5DAF2A4887100062C283 /* ChartView.swift */,
				0224D8D82A1796490067B559 /* EditHabitView.swift */,
				0224D8D62A1614B90067B559 /* ColorsPickerView.swift */,
				02089EC82A66D4A1003DB055 /* TipView.swift */,
				0282C6B62A6825EC00356786 /* SortMenuView.swift */,
			);
			path = Views;
			sourceTree = "<group>";
		};
		026E1CA92A24B58900B882C1 /* HabitUITests */ = {
			isa = PBXGroup;
			children = (
				026E1CAA2A24B58900B882C1 /* HabitUITests.swift */,
				026E1CAC2A24B58900B882C1 /* HabitUITestsLaunchTests.swift */,
			);
			path = HabitUITests;
			sourceTree = "<group>";
		};
		02C3A87B2A0FBA780044D090 = {
			isa = PBXGroup;
			children = (
				02C3A8A92A1261630044D090 /* TODO.md */,
				02C3A8A22A1220A90044D090 /* Notes (Paul Hudson).md */,
				0259820E2A2A16E80085D29E /* Notes (Sean Allen).md */,
				02C6B7CB2A1BBA7F003FAC61 /* Stashed Snippets.md */,
				02C3A8862A0FBA780044D090 /* Habit */,
				02EC2FB02A1CECF00004DA4B /* HabitTests */,
				026E1CA92A24B58900B882C1 /* HabitUITests */,
				02C3A8852A0FBA780044D090 /* Products */,
			);
			sourceTree = "<group>";
		};
		02C3A8852A0FBA780044D090 /* Products */ = {
			isa = PBXGroup;
			children = (
				02C3A8842A0FBA780044D090 /* Habit.app */,
				02EC2FAF2A1CECF00004DA4B /* HabitTests.xctest */,
				026E1CA82A24B58900B882C1 /* HabitUITests.xctest */,
			);
			name = Products;
			sourceTree = "<group>";
		};
		02C3A8862A0FBA780044D090 /* Habit */ = {
			isa = PBXGroup;
			children = (
				0224D8D42A13A3390067B559 /* Models */,
				0224D8D52A13A3510067B559 /* Views */,
				02C6B7CC2A1CD989003FAC61 /* Controllers */,
				02C6B7CD2A1CE397003FAC61 /* Extensions */,
				02C6B7CF2A1CE3C1003FAC61 /* Configuration */,
				02C6B7CE2A1CE39E003FAC61 /* Localization */,
				02FD36662A4F32590023AB38 /* Shortcuts */,
				02C3A8872A0FBA780044D090 /* HabitApp.swift */,
				02C3A8A52A125CA10044D090 /* HabitColors.xcassets */,
				02C3A88B2A0FBA7A0044D090 /* Assets.xcassets */,
				02C3A88D2A0FBA7A0044D090 /* Preview Content */,
			);
			path = Habit;
			sourceTree = "<group>";
		};
		02C3A88D2A0FBA7A0044D090 /* Preview Content */ = {
			isa = PBXGroup;
			children = (
				02C3A88E2A0FBA7A0044D090 /* Preview Assets.xcassets */,
			);
			path = "Preview Content";
			sourceTree = "<group>";
		};
		02C6B7CC2A1CD989003FAC61 /* Controllers */ = {
			isa = PBXGroup;
			children = (
				02C3A8902A0FBA7A0044D090 /* DataController.swift */,
			);
			path = Controllers;
			sourceTree = "<group>";
		};
		02C6B7CD2A1CE397003FAC61 /* Extensions */ = {
			isa = PBXGroup;
			children = (
				02DAD6BF2A4C42FC00F2DA14 /* Date+Ext.swift */,
				02DAD6C12A4D772600F2DA14 /* Color+Ext.swift */,
			);
			path = Extensions;
			sourceTree = "<group>";
		};
		02C6B7CE2A1CE39E003FAC61 /* Localization */ = {
			isa = PBXGroup;
			children = (
			);
			path = Localization;
			sourceTree = "<group>";
		};
		02C6B7CF2A1CE3C1003FAC61 /* Configuration */ = {
			isa = PBXGroup;
			children = (
				02C3A8922A0FBA7A0044D090 /* Habit.xcdatamodeld */,
			);
			path = Configuration;
			sourceTree = "<group>";
		};
		02EC2FB02A1CECF00004DA4B /* HabitTests */ = {
			isa = PBXGroup;
			children = (
				02EC2FAA2A1CEA410004DA4B /* Habit.xctestplan */,
				02EC2FB12A1CECF00004DA4B /* HabitTests.swift */,
				02EC2FBA2A20BA4E0004DA4B /* HabitItemTests.swift */,
				02EC2FB82A1CEEE50004DA4B /* AssetTest.swift */,
				02EC2FBE2A20E5730004DA4B /* DevelopmentTests.swift */,
			);
			path = HabitTests;
			sourceTree = "<group>";
		};
		02FD36662A4F32590023AB38 /* Shortcuts */ = {
			isa = PBXGroup;
			children = (
				02FD36672A4F32A70023AB38 /* ShortcutsHabitEntity.swift */,
				02FD36692A4F33080023AB38 /* CompleteHabitIntent.swift */,
				02089EBC2A626390003DB055 /* CustomErrors.swift */,
			);
			path = Shortcuts;
			sourceTree = "<group>";
		};
/* End PBXGroup section */

/* Begin PBXNativeTarget section */
		026E1CA72A24B58900B882C1 /* HabitUITests */ = {
			isa = PBXNativeTarget;
			buildConfigurationList = 026E1CB22A24B58900B882C1 /* Build configuration list for PBXNativeTarget "HabitUITests" */;
			buildPhases = (
				026E1CA42A24B58900B882C1 /* Sources */,
				026E1CA52A24B58900B882C1 /* Frameworks */,
				026E1CA62A24B58900B882C1 /* Resources */,
			);
			buildRules = (
			);
			dependencies = (
				026E1CAF2A24B58900B882C1 /* PBXTargetDependency */,
			);
			name = HabitUITests;
			productName = HabitUITests;
			productReference = 026E1CA82A24B58900B882C1 /* HabitUITests.xctest */;
			productType = "com.apple.product-type.bundle.ui-testing";
		};
		02C3A8832A0FBA780044D090 /* Habit */ = {
			isa = PBXNativeTarget;
			buildConfigurationList = 02C3A8972A0FBA7A0044D090 /* Build configuration list for PBXNativeTarget "Habit" */;
			buildPhases = (
				02C3A8802A0FBA780044D090 /* Sources */,
				02C3A8812A0FBA780044D090 /* Frameworks */,
				02C3A8822A0FBA780044D090 /* Resources */,
			);
			buildRules = (
			);
			dependencies = (
			);
			name = Habit;
			productName = Habit;
			productReference = 02C3A8842A0FBA780044D090 /* Habit.app */;
			productType = "com.apple.product-type.application";
		};
		02EC2FAE2A1CECF00004DA4B /* HabitTests */ = {
			isa = PBXNativeTarget;
			buildConfigurationList = 02EC2FB52A1CECF00004DA4B /* Build configuration list for PBXNativeTarget "HabitTests" */;
			buildPhases = (
				02EC2FAB2A1CECF00004DA4B /* Sources */,
				02EC2FAC2A1CECF00004DA4B /* Frameworks */,
				02EC2FAD2A1CECF00004DA4B /* Resources */,
			);
			buildRules = (
			);
			dependencies = (
				02EC2FB42A1CECF00004DA4B /* PBXTargetDependency */,
			);
			name = HabitTests;
			productName = HabitTests;
			productReference = 02EC2FAF2A1CECF00004DA4B /* HabitTests.xctest */;
			productType = "com.apple.product-type.bundle.unit-test";
		};
/* End PBXNativeTarget section */

/* Begin PBXProject section */
		02C3A87C2A0FBA780044D090 /* Project object */ = {
			isa = PBXProject;
			attributes = {
				BuildIndependentTargetsInParallel = 1;
				LastSwiftUpdateCheck = 1430;
				LastUpgradeCheck = 1430;
				TargetAttributes = {
					026E1CA72A24B58900B882C1 = {
						CreatedOnToolsVersion = 14.3.1;
						TestTargetID = 02C3A8832A0FBA780044D090;
					};
					02C3A8832A0FBA780044D090 = {
						CreatedOnToolsVersion = 14.3;
					};
					02EC2FAE2A1CECF00004DA4B = {
						CreatedOnToolsVersion = 14.3.1;
						TestTargetID = 02C3A8832A0FBA780044D090;
					};
				};
			};
			buildConfigurationList = 02C3A87F2A0FBA780044D090 /* Build configuration list for PBXProject "Habit" */;
			compatibilityVersion = "Xcode 14.0";
			developmentRegion = en;
			hasScannedForEncodings = 0;
			knownRegions = (
				en,
				Base,
			);
			mainGroup = 02C3A87B2A0FBA780044D090;
			productRefGroup = 02C3A8852A0FBA780044D090 /* Products */;
			projectDirPath = "";
			projectRoot = "";
			targets = (
				02C3A8832A0FBA780044D090 /* Habit */,
				02EC2FAE2A1CECF00004DA4B /* HabitTests */,
				026E1CA72A24B58900B882C1 /* HabitUITests */,
			);
		};
/* End PBXProject section */

/* Begin PBXResourcesBuildPhase section */
		026E1CA62A24B58900B882C1 /* Resources */ = {
			isa = PBXResourcesBuildPhase;
			buildActionMask = 2147483647;
			files = (
			);
			runOnlyForDeploymentPostprocessing = 0;
		};
		02C3A8822A0FBA780044D090 /* Resources */ = {
			isa = PBXResourcesBuildPhase;
			buildActionMask = 2147483647;
			files = (
				02C3A8A62A125CA10044D090 /* HabitColors.xcassets in Resources */,
				0259820F2A2A16E80085D29E /* Notes (Sean Allen).md in Resources */,
				02C3A88F2A0FBA7A0044D090 /* Preview Assets.xcassets in Resources */,
				02C3A88C2A0FBA7A0044D090 /* Assets.xcassets in Resources */,
			);
			runOnlyForDeploymentPostprocessing = 0;
		};
		02EC2FAD2A1CECF00004DA4B /* Resources */ = {
			isa = PBXResourcesBuildPhase;
			buildActionMask = 2147483647;
			files = (
			);
			runOnlyForDeploymentPostprocessing = 0;
		};
/* End PBXResourcesBuildPhase section */

/* Begin PBXSourcesBuildPhase section */
		026E1CA42A24B58900B882C1 /* Sources */ = {
			isa = PBXSourcesBuildPhase;
			buildActionMask = 2147483647;
			files = (
				026E1CAB2A24B58900B882C1 /* HabitUITests.swift in Sources */,
				026E1CAD2A24B58900B882C1 /* HabitUITestsLaunchTests.swift in Sources */,
			);
			runOnlyForDeploymentPostprocessing = 0;
		};
		02C3A8802A0FBA780044D090 /* Sources */ = {
			isa = PBXSourcesBuildPhase;
			buildActionMask = 2147483647;
			files = (
				02C39F962A73BF9500550CA1 /* Habit+Utils.swift in Sources */,
				0224D8D72A1614B90067B559 /* ColorsPickerView.swift in Sources */,
				02DAD6C22A4D772600F2DA14 /* Color+Ext.swift in Sources */,
				02C6B7CA2A1B8B67003FAC61 /* HabitColor.swift in Sources */,
				02DAD6C02A4C42FC00F2DA14 /* Date+Ext.swift in Sources */,
				02FD36682A4F32A70023AB38 /* ShortcutsHabitEntity.swift in Sources */,
				02C3A8912A0FBA7A0044D090 /* DataController.swift in Sources */,
				0224D8D92A17964A0067B559 /* EditHabitView.swift in Sources */,
				02089EBD2A626390003DB055 /* CustomErrors.swift in Sources */,
				02089EC92A66D4A1003DB055 /* TipView.swift in Sources */,
				0282C6B72A6825EC00356786 /* SortMenuView.swift in Sources */,
				0282C6BB2A6AE7B300356786 /* DetailView.swift in Sources */,
				0282C6B92A6AE52E00356786 /* CalendarView.swift in Sources */,
				02FD366A2A4F33080023AB38 /* CompleteHabitIntent.swift in Sources */,
				02C3A88A2A0FBA780044D090 /* ContentView.swift in Sources */,
				02C39F9E2A765EDF00550CA1 /* HabitListView.swift in Sources */,
				02C3A89D2A1218A50044D090 /* HabitRowView.swift in Sources */,
				0224D8DB2A17D6FF0067B559 /* HeaderView.swift in Sources */,
				02C3A89B2A0FE57E0044D090 /* Habit+CoreDataHelpers.swift in Sources */,
				02C3A8942A0FBA7A0044D090 /* Habit.xcdatamodeld in Sources */,
				02C3A8882A0FBA780044D090 /* HabitApp.swift in Sources */,
				02C3A8A82A1260220044D090 /* Constants.swift in Sources */,
				020A5DB02A4887100062C283 /* ChartView.swift in Sources */,
			);
			runOnlyForDeploymentPostprocessing = 0;
		};
		02EC2FAB2A1CECF00004DA4B /* Sources */ = {
			isa = PBXSourcesBuildPhase;
			buildActionMask = 2147483647;
			files = (
				02EC2FB92A1CEEE50004DA4B /* AssetTest.swift in Sources */,
				02EC2FB22A1CECF00004DA4B /* HabitTests.swift in Sources */,
				02EC2FBB2A20BA4E0004DA4B /* HabitItemTests.swift in Sources */,
				02EC2FBF2A20E5730004DA4B /* DevelopmentTests.swift in Sources */,
			);
			runOnlyForDeploymentPostprocessing = 0;
		};
/* End PBXSourcesBuildPhase section */

/* Begin PBXTargetDependency section */
		026E1CAF2A24B58900B882C1 /* PBXTargetDependency */ = {
			isa = PBXTargetDependency;
			target = 02C3A8832A0FBA780044D090 /* Habit */;
			targetProxy = 026E1CAE2A24B58900B882C1 /* PBXContainerItemProxy */;
		};
		02EC2FB42A1CECF00004DA4B /* PBXTargetDependency */ = {
			isa = PBXTargetDependency;
			target = 02C3A8832A0FBA780044D090 /* Habit */;
			targetProxy = 02EC2FB32A1CECF00004DA4B /* PBXContainerItemProxy */;
		};
/* End PBXTargetDependency section */

/* Begin XCBuildConfiguration section */
		026E1CB02A24B58900B882C1 /* Debug */ = {
			isa = XCBuildConfiguration;
			buildSettings = {
				CODE_SIGN_STYLE = Automatic;
				CURRENT_PROJECT_VERSION = 1;
				DEVELOPMENT_TEAM = DZPFWLMAM7;
				GENERATE_INFOPLIST_FILE = YES;
				MARKETING_VERSION = 1.0;
				PRODUCT_BUNDLE_IDENTIFIER = co.nazariizomko.HabitUITests;
				PRODUCT_NAME = "$(TARGET_NAME)";
				SWIFT_EMIT_LOC_STRINGS = NO;
				SWIFT_VERSION = 5.0;
				TARGETED_DEVICE_FAMILY = "1,2";
				TEST_TARGET_NAME = Habit;
			};
			name = Debug;
		};
		026E1CB12A24B58900B882C1 /* Release */ = {
			isa = XCBuildConfiguration;
			buildSettings = {
				CODE_SIGN_STYLE = Automatic;
				CURRENT_PROJECT_VERSION = 1;
				DEVELOPMENT_TEAM = DZPFWLMAM7;
				GENERATE_INFOPLIST_FILE = YES;
				MARKETING_VERSION = 1.0;
				PRODUCT_BUNDLE_IDENTIFIER = co.nazariizomko.HabitUITests;
				PRODUCT_NAME = "$(TARGET_NAME)";
				SWIFT_EMIT_LOC_STRINGS = NO;
				SWIFT_VERSION = 5.0;
				TARGETED_DEVICE_FAMILY = "1,2";
				TEST_TARGET_NAME = Habit;
			};
			name = Release;
		};
		02C3A8952A0FBA7A0044D090 /* Debug */ = {
			isa = XCBuildConfiguration;
			buildSettings = {
				ALWAYS_SEARCH_USER_PATHS = NO;
				CLANG_ANALYZER_NONNULL = YES;
				CLANG_ANALYZER_NUMBER_OBJECT_CONVERSION = YES_AGGRESSIVE;
				CLANG_CXX_LANGUAGE_STANDARD = "gnu++20";
				CLANG_ENABLE_MODULES = YES;
				CLANG_ENABLE_OBJC_ARC = YES;
				CLANG_ENABLE_OBJC_WEAK = YES;
				CLANG_WARN_BLOCK_CAPTURE_AUTORELEASING = YES;
				CLANG_WARN_BOOL_CONVERSION = YES;
				CLANG_WARN_COMMA = YES;
				CLANG_WARN_CONSTANT_CONVERSION = YES;
				CLANG_WARN_DEPRECATED_OBJC_IMPLEMENTATIONS = YES;
				CLANG_WARN_DIRECT_OBJC_ISA_USAGE = YES_ERROR;
				CLANG_WARN_DOCUMENTATION_COMMENTS = YES;
				CLANG_WARN_EMPTY_BODY = YES;
				CLANG_WARN_ENUM_CONVERSION = YES;
				CLANG_WARN_INFINITE_RECURSION = YES;
				CLANG_WARN_INT_CONVERSION = YES;
				CLANG_WARN_NON_LITERAL_NULL_CONVERSION = YES;
				CLANG_WARN_OBJC_IMPLICIT_RETAIN_SELF = YES;
				CLANG_WARN_OBJC_LITERAL_CONVERSION = YES;
				CLANG_WARN_OBJC_ROOT_CLASS = YES_ERROR;
				CLANG_WARN_QUOTED_INCLUDE_IN_FRAMEWORK_HEADER = YES;
				CLANG_WARN_RANGE_LOOP_ANALYSIS = YES;
				CLANG_WARN_STRICT_PROTOTYPES = YES;
				CLANG_WARN_SUSPICIOUS_MOVE = YES;
				CLANG_WARN_UNGUARDED_AVAILABILITY = YES_AGGRESSIVE;
				CLANG_WARN_UNREACHABLE_CODE = YES;
				CLANG_WARN__DUPLICATE_METHOD_MATCH = YES;
				COPY_PHASE_STRIP = NO;
				DEBUG_INFORMATION_FORMAT = dwarf;
				ENABLE_STRICT_OBJC_MSGSEND = YES;
				ENABLE_TESTABILITY = YES;
				GCC_C_LANGUAGE_STANDARD = gnu11;
				GCC_DYNAMIC_NO_PIC = NO;
				GCC_NO_COMMON_BLOCKS = YES;
				GCC_OPTIMIZATION_LEVEL = 0;
				GCC_PREPROCESSOR_DEFINITIONS = (
					"DEBUG=1",
					"$(inherited)",
				);
				GCC_WARN_64_TO_32_BIT_CONVERSION = YES;
				GCC_WARN_ABOUT_RETURN_TYPE = YES_ERROR;
				GCC_WARN_UNDECLARED_SELECTOR = YES;
				GCC_WARN_UNINITIALIZED_AUTOS = YES_AGGRESSIVE;
				GCC_WARN_UNUSED_FUNCTION = YES;
				GCC_WARN_UNUSED_VARIABLE = YES;
				IPHONEOS_DEPLOYMENT_TARGET = 16.4;
				MTL_ENABLE_DEBUG_INFO = INCLUDE_SOURCE;
				MTL_FAST_MATH = YES;
				ONLY_ACTIVE_ARCH = YES;
				SDKROOT = iphoneos;
				SWIFT_ACTIVE_COMPILATION_CONDITIONS = DEBUG;
				SWIFT_OPTIMIZATION_LEVEL = "-Onone";
			};
			name = Debug;
		};
		02C3A8962A0FBA7A0044D090 /* Release */ = {
			isa = XCBuildConfiguration;
			buildSettings = {
				ALWAYS_SEARCH_USER_PATHS = NO;
				CLANG_ANALYZER_NONNULL = YES;
				CLANG_ANALYZER_NUMBER_OBJECT_CONVERSION = YES_AGGRESSIVE;
				CLANG_CXX_LANGUAGE_STANDARD = "gnu++20";
				CLANG_ENABLE_MODULES = YES;
				CLANG_ENABLE_OBJC_ARC = YES;
				CLANG_ENABLE_OBJC_WEAK = YES;
				CLANG_WARN_BLOCK_CAPTURE_AUTORELEASING = YES;
				CLANG_WARN_BOOL_CONVERSION = YES;
				CLANG_WARN_COMMA = YES;
				CLANG_WARN_CONSTANT_CONVERSION = YES;
				CLANG_WARN_DEPRECATED_OBJC_IMPLEMENTATIONS = YES;
				CLANG_WARN_DIRECT_OBJC_ISA_USAGE = YES_ERROR;
				CLANG_WARN_DOCUMENTATION_COMMENTS = YES;
				CLANG_WARN_EMPTY_BODY = YES;
				CLANG_WARN_ENUM_CONVERSION = YES;
				CLANG_WARN_INFINITE_RECURSION = YES;
				CLANG_WARN_INT_CONVERSION = YES;
				CLANG_WARN_NON_LITERAL_NULL_CONVERSION = YES;
				CLANG_WARN_OBJC_IMPLICIT_RETAIN_SELF = YES;
				CLANG_WARN_OBJC_LITERAL_CONVERSION = YES;
				CLANG_WARN_OBJC_ROOT_CLASS = YES_ERROR;
				CLANG_WARN_QUOTED_INCLUDE_IN_FRAMEWORK_HEADER = YES;
				CLANG_WARN_RANGE_LOOP_ANALYSIS = YES;
				CLANG_WARN_STRICT_PROTOTYPES = YES;
				CLANG_WARN_SUSPICIOUS_MOVE = YES;
				CLANG_WARN_UNGUARDED_AVAILABILITY = YES_AGGRESSIVE;
				CLANG_WARN_UNREACHABLE_CODE = YES;
				CLANG_WARN__DUPLICATE_METHOD_MATCH = YES;
				COPY_PHASE_STRIP = NO;
				DEBUG_INFORMATION_FORMAT = "dwarf-with-dsym";
				ENABLE_NS_ASSERTIONS = NO;
				ENABLE_STRICT_OBJC_MSGSEND = YES;
				GCC_C_LANGUAGE_STANDARD = gnu11;
				GCC_NO_COMMON_BLOCKS = YES;
				GCC_WARN_64_TO_32_BIT_CONVERSION = YES;
				GCC_WARN_ABOUT_RETURN_TYPE = YES_ERROR;
				GCC_WARN_UNDECLARED_SELECTOR = YES;
				GCC_WARN_UNINITIALIZED_AUTOS = YES_AGGRESSIVE;
				GCC_WARN_UNUSED_FUNCTION = YES;
				GCC_WARN_UNUSED_VARIABLE = YES;
				IPHONEOS_DEPLOYMENT_TARGET = 16.4;
				MTL_ENABLE_DEBUG_INFO = NO;
				MTL_FAST_MATH = YES;
				SDKROOT = iphoneos;
				SWIFT_COMPILATION_MODE = wholemodule;
				SWIFT_OPTIMIZATION_LEVEL = "-O";
				VALIDATE_PRODUCT = YES;
			};
			name = Release;
		};
		02C3A8982A0FBA7A0044D090 /* Debug */ = {
			isa = XCBuildConfiguration;
			buildSettings = {
				ASSETCATALOG_COMPILER_APPICON_NAME = AppIcon;
				ASSETCATALOG_COMPILER_GLOBAL_ACCENT_COLOR_NAME = AccentColor;
				CODE_SIGN_STYLE = Automatic;
				CURRENT_PROJECT_VERSION = 1;
				DEVELOPMENT_ASSET_PATHS = "\"Habit/Preview Content\"";
				DEVELOPMENT_TEAM = DZPFWLMAM7;
				ENABLE_PREVIEWS = YES;
				GENERATE_INFOPLIST_FILE = YES;
				INFOPLIST_KEY_UIApplicationSceneManifest_Generation = YES;
				INFOPLIST_KEY_UIApplicationSupportsIndirectInputEvents = YES;
				INFOPLIST_KEY_UILaunchScreen_Generation = YES;
				INFOPLIST_KEY_UISupportedInterfaceOrientations_iPad = "UIInterfaceOrientationPortrait UIInterfaceOrientationPortraitUpsideDown UIInterfaceOrientationLandscapeLeft UIInterfaceOrientationLandscapeRight";
				INFOPLIST_KEY_UISupportedInterfaceOrientations_iPhone = "UIInterfaceOrientationPortrait UIInterfaceOrientationLandscapeLeft UIInterfaceOrientationLandscapeRight";
				LD_RUNPATH_SEARCH_PATHS = (
					"$(inherited)",
					"@executable_path/Frameworks",
				);
				MARKETING_VERSION = 1.0;
				PRODUCT_BUNDLE_IDENTIFIER = co.nazariizomko.Habit;
				PRODUCT_NAME = "$(TARGET_NAME)";
				SWIFT_EMIT_LOC_STRINGS = YES;
				SWIFT_VERSION = 5.0;
				TARGETED_DEVICE_FAMILY = "1,2";
			};
			name = Debug;
		};
		02C3A8992A0FBA7A0044D090 /* Release */ = {
			isa = XCBuildConfiguration;
			buildSettings = {
				ASSETCATALOG_COMPILER_APPICON_NAME = AppIcon;
				ASSETCATALOG_COMPILER_GLOBAL_ACCENT_COLOR_NAME = AccentColor;
				CODE_SIGN_STYLE = Automatic;
				CURRENT_PROJECT_VERSION = 1;
				DEVELOPMENT_ASSET_PATHS = "\"Habit/Preview Content\"";
				DEVELOPMENT_TEAM = DZPFWLMAM7;
				ENABLE_PREVIEWS = YES;
				GCC_OPTIMIZATION_LEVEL = s;
				GENERATE_INFOPLIST_FILE = YES;
				INFOPLIST_KEY_UIApplicationSceneManifest_Generation = YES;
				INFOPLIST_KEY_UIApplicationSupportsIndirectInputEvents = YES;
				INFOPLIST_KEY_UILaunchScreen_Generation = YES;
				INFOPLIST_KEY_UISupportedInterfaceOrientations_iPad = "UIInterfaceOrientationPortrait UIInterfaceOrientationPortraitUpsideDown UIInterfaceOrientationLandscapeLeft UIInterfaceOrientationLandscapeRight";
				INFOPLIST_KEY_UISupportedInterfaceOrientations_iPhone = "UIInterfaceOrientationPortrait UIInterfaceOrientationLandscapeLeft UIInterfaceOrientationLandscapeRight";
				LD_RUNPATH_SEARCH_PATHS = (
					"$(inherited)",
					"@executable_path/Frameworks",
				);
				MARKETING_VERSION = 1.0;
				PRODUCT_BUNDLE_IDENTIFIER = co.nazariizomko.Habit;
				PRODUCT_NAME = "$(TARGET_NAME)";
				SWIFT_EMIT_LOC_STRINGS = YES;
				SWIFT_VERSION = 5.0;
				TARGETED_DEVICE_FAMILY = "1,2";
			};
			name = Release;
		};
		02EC2FB62A1CECF00004DA4B /* Debug */ = {
			isa = XCBuildConfiguration;
			buildSettings = {
				BUNDLE_LOADER = "$(TEST_HOST)";
				CODE_SIGN_STYLE = Automatic;
				CURRENT_PROJECT_VERSION = 1;
				DEVELOPMENT_TEAM = DZPFWLMAM7;
				GENERATE_INFOPLIST_FILE = YES;
				MARKETING_VERSION = 1.0;
				PRODUCT_BUNDLE_IDENTIFIER = co.nazariizomko.HabitTests;
				PRODUCT_NAME = "$(TARGET_NAME)";
				SWIFT_EMIT_LOC_STRINGS = NO;
				SWIFT_VERSION = 5.0;
				TARGETED_DEVICE_FAMILY = "1,2";
				TEST_HOST = "$(BUILT_PRODUCTS_DIR)/Habit.app/$(BUNDLE_EXECUTABLE_FOLDER_PATH)/Habit";
			};
			name = Debug;
		};
		02EC2FB72A1CECF00004DA4B /* Release */ = {
			isa = XCBuildConfiguration;
			buildSettings = {
				BUNDLE_LOADER = "$(TEST_HOST)";
				CODE_SIGN_STYLE = Automatic;
				CURRENT_PROJECT_VERSION = 1;
				DEVELOPMENT_TEAM = DZPFWLMAM7;
				GENERATE_INFOPLIST_FILE = YES;
				MARKETING_VERSION = 1.0;
				PRODUCT_BUNDLE_IDENTIFIER = co.nazariizomko.HabitTests;
				PRODUCT_NAME = "$(TARGET_NAME)";
				SWIFT_EMIT_LOC_STRINGS = NO;
				SWIFT_VERSION = 5.0;
				TARGETED_DEVICE_FAMILY = "1,2";
				TEST_HOST = "$(BUILT_PRODUCTS_DIR)/Habit.app/$(BUNDLE_EXECUTABLE_FOLDER_PATH)/Habit";
			};
			name = Release;
		};
/* End XCBuildConfiguration section */

/* Begin XCConfigurationList section */
		026E1CB22A24B58900B882C1 /* Build configuration list for PBXNativeTarget "HabitUITests" */ = {
			isa = XCConfigurationList;
			buildConfigurations = (
				026E1CB02A24B58900B882C1 /* Debug */,
				026E1CB12A24B58900B882C1 /* Release */,
			);
			defaultConfigurationIsVisible = 0;
			defaultConfigurationName = Release;
		};
		02C3A87F2A0FBA780044D090 /* Build configuration list for PBXProject "Habit" */ = {
			isa = XCConfigurationList;
			buildConfigurations = (
				02C3A8952A0FBA7A0044D090 /* Debug */,
				02C3A8962A0FBA7A0044D090 /* Release */,
			);
			defaultConfigurationIsVisible = 0;
			defaultConfigurationName = Release;
		};
		02C3A8972A0FBA7A0044D090 /* Build configuration list for PBXNativeTarget "Habit" */ = {
			isa = XCConfigurationList;
			buildConfigurations = (
				02C3A8982A0FBA7A0044D090 /* Debug */,
				02C3A8992A0FBA7A0044D090 /* Release */,
			);
			defaultConfigurationIsVisible = 0;
			defaultConfigurationName = Release;
		};
		02EC2FB52A1CECF00004DA4B /* Build configuration list for PBXNativeTarget "HabitTests" */ = {
			isa = XCConfigurationList;
			buildConfigurations = (
				02EC2FB62A1CECF00004DA4B /* Debug */,
				02EC2FB72A1CECF00004DA4B /* Release */,
			);
			defaultConfigurationIsVisible = 0;
			defaultConfigurationName = Release;
		};
/* End XCConfigurationList section */

/* Begin XCVersionGroup section */
		02C3A8922A0FBA7A0044D090 /* Habit.xcdatamodeld */ = {
			isa = XCVersionGroup;
			children = (
				02C3A8932A0FBA7A0044D090 /* Habit.xcdatamodel */,
			);
			currentVersion = 02C3A8932A0FBA7A0044D090 /* Habit.xcdatamodel */;
			path = Habit.xcdatamodeld;
			sourceTree = "<group>";
			versionGroupType = wrapper.xcdatamodel;
		};
/* End XCVersionGroup section */
	};
	rootObject = 02C3A87C2A0FBA780044D090 /* Project object */;
}
